
Microsoft Visual Studio Solution File, Format Version 12.00
Project("{FAE04EC0-301F-11D3-BF4B-00C04F79EFBC}") = "PgDump", "PgDump\PgDump.csproj", "{D8C9BFE6-10B0-4AA7-848B-F68EA8F34ADE}"
EndProject
Project("{2150E333-8FDC-42A3-9474-1A3956D46DE8}") = "Solution Items", "Solution Items", "{B256F8D5-7AE9-4D29-BF44-1394ADBF5E3E}"
	ProjectSection(SolutionItems) = preProject
		docker-compose.yml = docker-compose.yml
	EndProjectSection
EndProject
Global
	GlobalSection(SolutionConfigurationPlatforms) = preSolution
		Debug|Any CPU = Debug|Any CPU
		Release|Any CPU = Release|Any CPU
	EndGlobalSection
	GlobalSection(ProjectConfigurationPlatforms) = postSolution
		{D8C9BFE6-10B0-4AA7-848B-F68EA8F34ADE}.Debug|Any CPU.ActiveCfg = Debug|Any CPU
		{D8C9BFE6-10B0-4AA7-848B-F68EA8F34ADE}.Debug|Any CPU.Build.0 = Debug|Any CPU
		{D8C9BFE6-10B0-4AA7-848B-F68EA8F34ADE}.Release|Any CPU.ActiveCfg = Release|Any CPU
		{D8C9BFE6-10B0-4AA7-848B-F68EA8F34ADE}.Release|Any CPU.Build.0 = Release|Any CPU
	EndGlobalSection
EndGlobal
